
Microsoft Visual Studio Solution File, Format Version 12.00
# Visual Studio Version 16
VisualStudioVersion = 16.0.31410.357
MinimumVisualStudioVersion = 10.0.40219.1
Project("{9A19103F-16F7-4668-BE54-9A1E7A4F7556}") = "artmais-backend", "artmais-backend\artmais-backend.csproj", "{C7B414FD-758A-4DA0-B7A4-376046057E23}"
EndProject
Global
	GlobalSection(SolutionConfigurationPlatforms) = preSolution
		Debug|Any CPU = Debug|Any CPU
		Release|Any CPU = Release|Any CPU
	EndGlobalSection
	GlobalSection(ProjectConfigurationPlatforms) = postSolution
		{C7B414FD-758A-4DA0-B7A4-376046057E23}.Debug|Any CPU.ActiveCfg = Debug|Any CPU
		{C7B414FD-758A-4DA0-B7A4-376046057E23}.Debug|Any CPU.Build.0 = Debug|Any CPU
		{C7B414FD-758A-4DA0-B7A4-376046057E23}.Release|Any CPU.ActiveCfg = Release|Any CPU
		{C7B414FD-758A-4DA0-B7A4-376046057E23}.Release|Any CPU.Build.0 = Release|Any CPU
	EndGlobalSection
	GlobalSection(SolutionProperties) = preSolution
		HideSolutionNode = FALSE
	EndGlobalSection
	GlobalSection(ExtensibilityGlobals) = postSolution
		SolutionGuid = {B4128F0C-D083-4B09-B44A-5643DDECBBB6}
	EndGlobalSection
EndGlobal
